
Microsoft Visual Studio Solution File, Format Version 12.00
# Visual Studio 15
Project("{FAE04EC0-301F-11D3-BF4B-00C04F79EFBC}") = "PizzaMania.Tests", "PizzaMania.Tests\PizzaMania.Tests.csproj", "{43D929EF-C711-4FC8-A13D-E9BA5618F2CE}"
EndProject
Project("{FAE04EC0-301F-11D3-BF4B-00C04F79EFBC}") = "PizzaMania.Core", "PizzaMania.Core\PizzaMania.Core.csproj", "{F18D37A0-5E2C-468E-B2D6-7660AE518BD7}"
EndProject
Project("{FAE04EC0-301F-11D3-BF4B-00C04F79EFBC}") = "PizzaMania.Cart", "PizzaMania.Cart\PizzaMania.Cart.csproj", "{1F4EB79F-AB12-413E-B779-999B2ABD30DC}"
EndProject
Project("{FAE04EC0-301F-11D3-BF4B-00C04F79EFBC}") = "PizzaMania.App", "PizzaMania.App\PizzaMania.App.csproj", "{CE138D76-61EC-44CA-B5EA-21EB415A5623}"
EndProject
Global
	GlobalSection(SolutionConfigurationPlatforms) = preSolution
		Debug|Any CPU = Debug|Any CPU
		Release|Any CPU = Release|Any CPU
	EndGlobalSection
	GlobalSection(ProjectConfigurationPlatforms) = postSolution
		{43D929EF-C711-4FC8-A13D-E9BA5618F2CE}.Debug|Any CPU.ActiveCfg = Debug|Any CPU
		{43D929EF-C711-4FC8-A13D-E9BA5618F2CE}.Debug|Any CPU.Build.0 = Debug|Any CPU
		{43D929EF-C711-4FC8-A13D-E9BA5618F2CE}.Release|Any CPU.ActiveCfg = Release|Any CPU
		{43D929EF-C711-4FC8-A13D-E9BA5618F2CE}.Release|Any CPU.Build.0 = Release|Any CPU
		{F18D37A0-5E2C-468E-B2D6-7660AE518BD7}.Debug|Any CPU.ActiveCfg = Debug|Any CPU
		{F18D37A0-5E2C-468E-B2D6-7660AE518BD7}.Debug|Any CPU.Build.0 = Debug|Any CPU
		{F18D37A0-5E2C-468E-B2D6-7660AE518BD7}.Release|Any CPU.ActiveCfg = Release|Any CPU
		{F18D37A0-5E2C-468E-B2D6-7660AE518BD7}.Release|Any CPU.Build.0 = Release|Any CPU
		{1F4EB79F-AB12-413E-B779-999B2ABD30DC}.Debug|Any CPU.ActiveCfg = Debug|Any CPU
		{1F4EB79F-AB12-413E-B779-999B2ABD30DC}.Debug|Any CPU.Build.0 = Debug|Any CPU
		{1F4EB79F-AB12-413E-B779-999B2ABD30DC}.Release|Any CPU.ActiveCfg = Release|Any CPU
		{1F4EB79F-AB12-413E-B779-999B2ABD30DC}.Release|Any CPU.Build.0 = Release|Any CPU
		{CE138D76-61EC-44CA-B5EA-21EB415A5623}.Debug|Any CPU.ActiveCfg = Debug|Any CPU
		{CE138D76-61EC-44CA-B5EA-21EB415A5623}.Debug|Any CPU.Build.0 = Debug|Any CPU
		{CE138D76-61EC-44CA-B5EA-21EB415A5623}.Release|Any CPU.ActiveCfg = Release|Any CPU
		{CE138D76-61EC-44CA-B5EA-21EB415A5623}.Release|Any CPU.Build.0 = Release|Any CPU
	EndGlobalSection
EndGlobal
